
Microsoft Visual Studio Solution File, Format Version 12.00
# Visual Studio 2017
Project("{FAE04EC0-301F-11D3-BF4B-00C04F79EFBC}") = "Pruebas_PracticaComportamientos", "Pruebas_PracticaComportamientos.csproj", "{08AF4ACF-6B17-ADA1-EEE6-1CDC5833D958}"
EndProject
Global
	GlobalSection(SolutionConfigurationPlatforms) = preSolution
		Debug|Any CPU = Debug|Any CPU
		Release|Any CPU = Release|Any CPU
	EndGlobalSection
	GlobalSection(ProjectConfigurationPlatforms) = postSolution
		{08AF4ACF-6B17-ADA1-EEE6-1CDC5833D958}.Debug|Any CPU.ActiveCfg = Debug|Any CPU
		{08AF4ACF-6B17-ADA1-EEE6-1CDC5833D958}.Debug|Any CPU.Build.0 = Debug|Any CPU
		{08AF4ACF-6B17-ADA1-EEE6-1CDC5833D958}.Release|Any CPU.ActiveCfg = Release|Any CPU
		{08AF4ACF-6B17-ADA1-EEE6-1CDC5833D958}.Release|Any CPU.Build.0 = Release|Any CPU
	EndGlobalSection
	GlobalSection(SolutionProperties) = preSolution
		HideSolutionNode = FALSE
	EndGlobalSection
EndGlobal
